// !$*UTF8*$!
{
	archiveVersion = 1;
	classes = {
	};
	objectVersion = 56;
	objects = {

/* Begin PBXBuildFile section */
		A17DFD4A292E0C6800E534ED /* MiniStoryView.swift in Sources */ = {isa = PBXBuildFile; fileRef = A17DFD49292E0C6800E534ED /* MiniStoryView.swift */; };
		A17DFD4E292E36B600E534ED /* ProfileView.swift in Sources */ = {isa = PBXBuildFile; fileRef = A17DFD4D292E36B600E534ED /* ProfileView.swift */; };
		A17DFD50292E3A5900E534ED /* BigStoryView.swift in Sources */ = {isa = PBXBuildFile; fileRef = A17DFD4F292E3A5900E534ED /* BigStoryView.swift */; };
		A1CC077C292649AE00DEC91B /* Redesigned_InstagramApp.swift in Sources */ = {isa = PBXBuildFile; fileRef = A1CC077B292649AE00DEC91B /* Redesigned_InstagramApp.swift */; };
		A1CC077E292649AE00DEC91B /* ContentView.swift in Sources */ = {isa = PBXBuildFile; fileRef = A1CC077D292649AE00DEC91B /* ContentView.swift */; };
		A1CC0780292649B000DEC91B /* Assets.xcassets in Resources */ = {isa = PBXBuildFile; fileRef = A1CC077F292649B000DEC91B /* Assets.xcassets */; };
		A1CC0783292649B000DEC91B /* Preview Assets.xcassets in Resources */ = {isa = PBXBuildFile; fileRef = A1CC0782292649B000DEC91B /* Preview Assets.xcassets */; };
		A1CC078D292649B000DEC91B /* Redesigned_InstagramTests.swift in Sources */ = {isa = PBXBuildFile; fileRef = A1CC078C292649B000DEC91B /* Redesigned_InstagramTests.swift */; };
		A1CC0797292649B000DEC91B /* Redesigned_InstagramUITests.swift in Sources */ = {isa = PBXBuildFile; fileRef = A1CC0796292649B000DEC91B /* Redesigned_InstagramUITests.swift */; };
		A1CC0799292649B000DEC91B /* Redesigned_InstagramUITestsLaunchTests.swift in Sources */ = {isa = PBXBuildFile; fileRef = A1CC0798292649B000DEC91B /* Redesigned_InstagramUITestsLaunchTests.swift */; };
		A1CC07A629264C0300DEC91B /* FeedView.swift in Sources */ = {isa = PBXBuildFile; fileRef = A1CC07A529264C0300DEC91B /* FeedView.swift */; };
		A1CC07AA2927935700DEC91B /* StoriesView.swift in Sources */ = {isa = PBXBuildFile; fileRef = A1CC07A92927935700DEC91B /* StoriesView.swift */; };
		A1CC07AE292A9F7E00DEC91B /* Story.swift in Sources */ = {isa = PBXBuildFile; fileRef = A1CC07AD292A9F7E00DEC91B /* Story.swift */; };
		A1CC07B0292B733000DEC91B /* Post.swift in Sources */ = {isa = PBXBuildFile; fileRef = A1CC07AF292B733000DEC91B /* Post.swift */; };
		A1CC07B2292B76CB00DEC91B /* ImagePost.swift in Sources */ = {isa = PBXBuildFile; fileRef = A1CC07B1292B76CB00DEC91B /* ImagePost.swift */; };
		A1CC07B8292B7F9600DEC91B /* PostsItem.swift in Sources */ = {isa = PBXBuildFile; fileRef = A1CC07B7292B7F9600DEC91B /* PostsItem.swift */; };
/* End PBXBuildFile section */

/* Begin PBXContainerItemProxy section */
		A1CC0789292649B000DEC91B /* PBXContainerItemProxy */ = {
			isa = PBXContainerItemProxy;
			containerPortal = A1CC0770292649AE00DEC91B /* Project object */;
			proxyType = 1;
			remoteGlobalIDString = A1CC0777292649AE00DEC91B;
			remoteInfo = Redesigned_Instagram;
		};
		A1CC0793292649B000DEC91B /* PBXContainerItemProxy */ = {
			isa = PBXContainerItemProxy;
			containerPortal = A1CC0770292649AE00DEC91B /* Project object */;
			proxyType = 1;
			remoteGlobalIDString = A1CC0777292649AE00DEC91B;
			remoteInfo = Redesigned_Instagram;
		};
/* End PBXContainerItemProxy section */

/* Begin PBXFileReference section */
		A17DFD49292E0C6800E534ED /* MiniStoryView.swift */ = {isa = PBXFileReference; lastKnownFileType = sourcecode.swift; path = MiniStoryView.swift; sourceTree = "<group>"; };
		A17DFD4D292E36B600E534ED /* ProfileView.swift */ = {isa = PBXFileReference; lastKnownFileType = sourcecode.swift; path = ProfileView.swift; sourceTree = "<group>"; };
		A17DFD4F292E3A5900E534ED /* BigStoryView.swift */ = {isa = PBXFileReference; lastKnownFileType = sourcecode.swift; path = BigStoryView.swift; sourceTree = "<group>"; };
		A1CC0778292649AE00DEC91B /* Redesigned_Instagram.app */ = {isa = PBXFileReference; explicitFileType = wrapper.application; includeInIndex = 0; path = Redesigned_Instagram.app; sourceTree = BUILT_PRODUCTS_DIR; };
		A1CC077B292649AE00DEC91B /* Redesigned_InstagramApp.swift */ = {isa = PBXFileReference; lastKnownFileType = sourcecode.swift; path = Redesigned_InstagramApp.swift; sourceTree = "<group>"; };
		A1CC077D292649AE00DEC91B /* ContentView.swift */ = {isa = PBXFileReference; lastKnownFileType = sourcecode.swift; path = ContentView.swift; sourceTree = "<group>"; };
		A1CC077F292649B000DEC91B /* Assets.xcassets */ = {isa = PBXFileReference; lastKnownFileType = folder.assetcatalog; path = Assets.xcassets; sourceTree = "<group>"; };
		A1CC0782292649B000DEC91B /* Preview Assets.xcassets */ = {isa = PBXFileReference; lastKnownFileType = folder.assetcatalog; path = "Preview Assets.xcassets"; sourceTree = "<group>"; };
		A1CC0788292649B000DEC91B /* Redesigned_InstagramTests.xctest */ = {isa = PBXFileReference; explicitFileType = wrapper.cfbundle; includeInIndex = 0; path = Redesigned_InstagramTests.xctest; sourceTree = BUILT_PRODUCTS_DIR; };
		A1CC078C292649B000DEC91B /* Redesigned_InstagramTests.swift */ = {isa = PBXFileReference; lastKnownFileType = sourcecode.swift; path = Redesigned_InstagramTests.swift; sourceTree = "<group>"; };
		A1CC0792292649B000DEC91B /* Redesigned_InstagramUITests.xctest */ = {isa = PBXFileReference; explicitFileType = wrapper.cfbundle; includeInIndex = 0; path = Redesigned_InstagramUITests.xctest; sourceTree = BUILT_PRODUCTS_DIR; };
		A1CC0796292649B000DEC91B /* Redesigned_InstagramUITests.swift */ = {isa = PBXFileReference; lastKnownFileType = sourcecode.swift; path = Redesigned_InstagramUITests.swift; sourceTree = "<group>"; };
		A1CC0798292649B000DEC91B /* Redesigned_InstagramUITestsLaunchTests.swift */ = {isa = PBXFileReference; lastKnownFileType = sourcecode.swift; path = Redesigned_InstagramUITestsLaunchTests.swift; sourceTree = "<group>"; };
		A1CC07A529264C0300DEC91B /* FeedView.swift */ = {isa = PBXFileReference; lastKnownFileType = sourcecode.swift; path = FeedView.swift; sourceTree = "<group>"; };
		A1CC07A92927935700DEC91B /* StoriesView.swift */ = {isa = PBXFileReference; lastKnownFileType = sourcecode.swift; path = StoriesView.swift; sourceTree = "<group>"; };
		A1CC07AD292A9F7E00DEC91B /* Story.swift */ = {isa = PBXFileReference; lastKnownFileType = sourcecode.swift; path = Story.swift; sourceTree = "<group>"; };
		A1CC07AF292B733000DEC91B /* Post.swift */ = {isa = PBXFileReference; lastKnownFileType = sourcecode.swift; path = Post.swift; sourceTree = "<group>"; };
		A1CC07B1292B76CB00DEC91B /* ImagePost.swift */ = {isa = PBXFileReference; lastKnownFileType = sourcecode.swift; path = ImagePost.swift; sourceTree = "<group>"; };
		A1CC07B7292B7F9600DEC91B /* PostsItem.swift */ = {isa = PBXFileReference; lastKnownFileType = sourcecode.swift; path = PostsItem.swift; sourceTree = "<group>"; };
/* End PBXFileReference section */

/* Begin PBXFrameworksBuildPhase section */
		A1CC0775292649AE00DEC91B /* Frameworks */ = {
			isa = PBXFrameworksBuildPhase;
			buildActionMask = 2147483647;
			files = (
			);
			runOnlyForDeploymentPostprocessing = 0;
		};
		A1CC0785292649B000DEC91B /* Frameworks */ = {
			isa = PBXFrameworksBuildPhase;
			buildActionMask = 2147483647;
			files = (
			);
			runOnlyForDeploymentPostprocessing = 0;
		};
		A1CC078F292649B000DEC91B /* Frameworks */ = {
			isa = PBXFrameworksBuildPhase;
			buildActionMask = 2147483647;
			files = (
			);
			runOnlyForDeploymentPostprocessing = 0;
		};
/* End PBXFrameworksBuildPhase section */

/* Begin PBXGroup section */
		A17DFD4B292E363F00E534ED /* Feed */ = {
			isa = PBXGroup;
			children = (
				A1CC07A529264C0300DEC91B /* FeedView.swift */,
				A1CC07A92927935700DEC91B /* StoriesView.swift */,
				A1CC07B7292B7F9600DEC91B /* PostsItem.swift */,
				A17DFD49292E0C6800E534ED /* MiniStoryView.swift */,
			);
			path = Feed;
			sourceTree = "<group>";
		};
		A17DFD4C292E367600E534ED /* Profile */ = {
			isa = PBXGroup;
			children = (
				A17DFD4D292E36B600E534ED /* ProfileView.swift */,
				A17DFD4F292E3A5900E534ED /* BigStoryView.swift */,
			);
			path = Profile;
			sourceTree = "<group>";
		};
		A1CC076F292649AE00DEC91B = {
			isa = PBXGroup;
			children = (
				A1CC077A292649AE00DEC91B /* Redesigned_Instagram */,
				A1CC078B292649B000DEC91B /* Redesigned_InstagramTests */,
				A1CC0795292649B000DEC91B /* Redesigned_InstagramUITests */,
				A1CC0779292649AE00DEC91B /* Products */,
			);
			sourceTree = "<group>";
		};
		A1CC0779292649AE00DEC91B /* Products */ = {
			isa = PBXGroup;
			children = (
				A1CC0778292649AE00DEC91B /* Redesigned_Instagram.app */,
				A1CC0788292649B000DEC91B /* Redesigned_InstagramTests.xctest */,
				A1CC0792292649B000DEC91B /* Redesigned_InstagramUITests.xctest */,
			);
			name = Products;
			sourceTree = "<group>";
		};
		A1CC077A292649AE00DEC91B /* Redesigned_Instagram */ = {
			isa = PBXGroup;
			children = (
				A1CC07AC292A9F3C00DEC91B /* Views */,
				A1CC07AB292A9F3000DEC91B /* Models */,
				A1CC077B292649AE00DEC91B /* Redesigned_InstagramApp.swift */,
				A1CC077F292649B000DEC91B /* Assets.xcassets */,
				A1CC0781292649B000DEC91B /* Preview Content */,
			);
			path = Redesigned_Instagram;
			sourceTree = "<group>";
		};
		A1CC0781292649B000DEC91B /* Preview Content */ = {
			isa = PBXGroup;
			children = (
				A1CC0782292649B000DEC91B /* Preview Assets.xcassets */,
			);
			path = "Preview Content";
			sourceTree = "<group>";
		};
		A1CC078B292649B000DEC91B /* Redesigned_InstagramTests */ = {
			isa = PBXGroup;
			children = (
				A1CC078C292649B000DEC91B /* Redesigned_InstagramTests.swift */,
			);
			path = Redesigned_InstagramTests;
			sourceTree = "<group>";
		};
		A1CC0795292649B000DEC91B /* Redesigned_InstagramUITests */ = {
			isa = PBXGroup;
			children = (
				A1CC0796292649B000DEC91B /* Redesigned_InstagramUITests.swift */,
				A1CC0798292649B000DEC91B /* Redesigned_InstagramUITestsLaunchTests.swift */,
			);
			path = Redesigned_InstagramUITests;
			sourceTree = "<group>";
		};
		A1CC07AB292A9F3000DEC91B /* Models */ = {
			isa = PBXGroup;
			children = (
				A1CC07AD292A9F7E00DEC91B /* Story.swift */,
				A1CC07AF292B733000DEC91B /* Post.swift */,
				A1CC07B1292B76CB00DEC91B /* ImagePost.swift */,
			);
			path = Models;
			sourceTree = "<group>";
		};
		A1CC07AC292A9F3C00DEC91B /* Views */ = {
			isa = PBXGroup;
			children = (
				A1CC077D292649AE00DEC91B /* ContentView.swift */,
				A17DFD4B292E363F00E534ED /* Feed */,
				A17DFD4C292E367600E534ED /* Profile */,
			);
			path = Views;
			sourceTree = "<group>";
		};
/* End PBXGroup section */

/* Begin PBXNativeTarget section */
		A1CC0777292649AE00DEC91B /* Redesigned_Instagram */ = {
			isa = PBXNativeTarget;
			buildConfigurationList = A1CC079C292649B000DEC91B /* Build configuration list for PBXNativeTarget "Redesigned_Instagram" */;
			buildPhases = (
				A1CC0774292649AE00DEC91B /* Sources */,
				A1CC0775292649AE00DEC91B /* Frameworks */,
				A1CC0776292649AE00DEC91B /* Resources */,
			);
			buildRules = (
			);
			dependencies = (
			);
			name = Redesigned_Instagram;
			productName = Redesigned_Instagram;
			productReference = A1CC0778292649AE00DEC91B /* Redesigned_Instagram.app */;
			productType = "com.apple.product-type.application";
		};
		A1CC0787292649B000DEC91B /* Redesigned_InstagramTests */ = {
			isa = PBXNativeTarget;
			buildConfigurationList = A1CC079F292649B000DEC91B /* Build configuration list for PBXNativeTarget "Redesigned_InstagramTests" */;
			buildPhases = (
				A1CC0784292649B000DEC91B /* Sources */,
				A1CC0785292649B000DEC91B /* Frameworks */,
				A1CC0786292649B000DEC91B /* Resources */,
			);
			buildRules = (
			);
			dependencies = (
				A1CC078A292649B000DEC91B /* PBXTargetDependency */,
			);
			name = Redesigned_InstagramTests;
			productName = Redesigned_InstagramTests;
			productReference = A1CC0788292649B000DEC91B /* Redesigned_InstagramTests.xctest */;
			productType = "com.apple.product-type.bundle.unit-test";
		};
		A1CC0791292649B000DEC91B /* Redesigned_InstagramUITests */ = {
			isa = PBXNativeTarget;
			buildConfigurationList = A1CC07A2292649B000DEC91B /* Build configuration list for PBXNativeTarget "Redesigned_InstagramUITests" */;
			buildPhases = (
				A1CC078E292649B000DEC91B /* Sources */,
				A1CC078F292649B000DEC91B /* Frameworks */,
				A1CC0790292649B000DEC91B /* Resources */,
			);
			buildRules = (
			);
			dependencies = (
				A1CC0794292649B000DEC91B /* PBXTargetDependency */,
			);
			name = Redesigned_InstagramUITests;
			productName = Redesigned_InstagramUITests;
			productReference = A1CC0792292649B000DEC91B /* Redesigned_InstagramUITests.xctest */;
			productType = "com.apple.product-type.bundle.ui-testing";
		};
/* End PBXNativeTarget section */

/* Begin PBXProject section */
		A1CC0770292649AE00DEC91B /* Project object */ = {
			isa = PBXProject;
			attributes = {
				BuildIndependentTargetsInParallel = 1;
				LastSwiftUpdateCheck = 1410;
				LastUpgradeCheck = 1410;
				TargetAttributes = {
					A1CC0777292649AE00DEC91B = {
						CreatedOnToolsVersion = 14.1;
					};
					A1CC0787292649B000DEC91B = {
						CreatedOnToolsVersion = 14.1;
						TestTargetID = A1CC0777292649AE00DEC91B;
					};
					A1CC0791292649B000DEC91B = {
						CreatedOnToolsVersion = 14.1;
						TestTargetID = A1CC0777292649AE00DEC91B;
					};
				};
			};
			buildConfigurationList = A1CC0773292649AE00DEC91B /* Build configuration list for PBXProject "Redesigned_Instagram" */;
			compatibilityVersion = "Xcode 14.0";
			developmentRegion = en;
			hasScannedForEncodings = 0;
			knownRegions = (
				en,
				Base,
			);
			mainGroup = A1CC076F292649AE00DEC91B;
			productRefGroup = A1CC0779292649AE00DEC91B /* Products */;
			projectDirPath = "";
			projectRoot = "";
			targets = (
				A1CC0777292649AE00DEC91B /* Redesigned_Instagram */,
				A1CC0787292649B000DEC91B /* Redesigned_InstagramTests */,
				A1CC0791292649B000DEC91B /* Redesigned_InstagramUITests */,
			);
		};
/* End PBXProject section */

/* Begin PBXResourcesBuildPhase section */
		A1CC0776292649AE00DEC91B /* Resources */ = {
			isa = PBXResourcesBuildPhase;
			buildActionMask = 2147483647;
			files = (
				A1CC0783292649B000DEC91B /* Preview Assets.xcassets in Resources */,
				A1CC0780292649B000DEC91B /* Assets.xcassets in Resources */,
			);
			runOnlyForDeploymentPostprocessing = 0;
		};
		A1CC0786292649B000DEC91B /* Resources */ = {
			isa = PBXResourcesBuildPhase;
			buildActionMask = 2147483647;
			files = (
			);
			runOnlyForDeploymentPostprocessing = 0;
		};
		A1CC0790292649B000DEC91B /* Resources */ = {
			isa = PBXResourcesBuildPhase;
			buildActionMask = 2147483647;
			files = (
			);
			runOnlyForDeploymentPostprocessing = 0;
		};
/* End PBXResourcesBuildPhase section */

/* Begin PBXSourcesBuildPhase section */
		A1CC0774292649AE00DEC91B /* Sources */ = {
			isa = PBXSourcesBuildPhase;
			buildActionMask = 2147483647;
			files = (
				A1CC07AA2927935700DEC91B /* StoriesView.swift in Sources */,
				A1CC077E292649AE00DEC91B /* ContentView.swift in Sources */,
				A1CC07B2292B76CB00DEC91B /* ImagePost.swift in Sources */,
				A1CC07A629264C0300DEC91B /* FeedView.swift in Sources */,
				A17DFD50292E3A5900E534ED /* BigStoryView.swift in Sources */,
				A17DFD4A292E0C6800E534ED /* MiniStoryView.swift in Sources */,
				A1CC077C292649AE00DEC91B /* Redesigned_InstagramApp.swift in Sources */,
				A1CC07B8292B7F9600DEC91B /* PostsItem.swift in Sources */,
				A1CC07B0292B733000DEC91B /* Post.swift in Sources */,
				A17DFD4E292E36B600E534ED /* ProfileView.swift in Sources */,
				A1CC07AE292A9F7E00DEC91B /* Story.swift in Sources */,
			);
			runOnlyForDeploymentPostprocessing = 0;
		};
		A1CC0784292649B000DEC91B /* Sources */ = {
			isa = PBXSourcesBuildPhase;
			buildActionMask = 2147483647;
			files = (
				A1CC078D292649B000DEC91B /* Redesigned_InstagramTests.swift in Sources */,
			);
			runOnlyForDeploymentPostprocessing = 0;
		};
		A1CC078E292649B000DEC91B /* Sources */ = {
			isa = PBXSourcesBuildPhase;
			buildActionMask = 2147483647;
			files = (
				A1CC0797292649B000DEC91B /* Redesigned_InstagramUITests.swift in Sources */,
				A1CC0799292649B000DEC91B /* Redesigned_InstagramUITestsLaunchTests.swift in Sources */,
			);
			runOnlyForDeploymentPostprocessing = 0;
		};
/* End PBXSourcesBuildPhase section */

/* Begin PBXTargetDependency section */
		A1CC078A292649B000DEC91B /* PBXTargetDependency */ = {
			isa = PBXTargetDependency;
			target = A1CC0777292649AE00DEC91B /* Redesigned_Instagram */;
			targetProxy = A1CC0789292649B000DEC91B /* PBXContainerItemProxy */;
		};
		A1CC0794292649B000DEC91B /* PBXTargetDependency */ = {
			isa = PBXTargetDependency;
			target = A1CC0777292649AE00DEC91B /* Redesigned_Instagram */;
			targetProxy = A1CC0793292649B000DEC91B /* PBXContainerItemProxy */;
		};
/* End PBXTargetDependency section */

/* Begin XCBuildConfiguration section */
		A1CC079A292649B000DEC91B /* Debug */ = {
			isa = XCBuildConfiguration;
			buildSettings = {
				ALWAYS_SEARCH_USER_PATHS = NO;
				CLANG_ANALYZER_NONNULL = YES;
				CLANG_ANALYZER_NUMBER_OBJECT_CONVERSION = YES_AGGRESSIVE;
				CLANG_CXX_LANGUAGE_STANDARD = "gnu++20";
				CLANG_ENABLE_MODULES = YES;
				CLANG_ENABLE_OBJC_ARC = YES;
				CLANG_ENABLE_OBJC_WEAK = YES;
				CLANG_WARN_BLOCK_CAPTURE_AUTORELEASING = YES;
				CLANG_WARN_BOOL_CONVERSION = YES;
				CLANG_WARN_COMMA = YES;
				CLANG_WARN_CONSTANT_CONVERSION = YES;
				CLANG_WARN_DEPRECATED_OBJC_IMPLEMENTATIONS = YES;
				CLANG_WARN_DIRECT_OBJC_ISA_USAGE = YES_ERROR;
				CLANG_WARN_DOCUMENTATION_COMMENTS = YES;
				CLANG_WARN_EMPTY_BODY = YES;
				CLANG_WARN_ENUM_CONVERSION = YES;
				CLANG_WARN_INFINITE_RECURSION = YES;
				CLANG_WARN_INT_CONVERSION = YES;
				CLANG_WARN_NON_LITERAL_NULL_CONVERSION = YES;
				CLANG_WARN_OBJC_IMPLICIT_RETAIN_SELF = YES;
				CLANG_WARN_OBJC_LITERAL_CONVERSION = YES;
				CLANG_WARN_OBJC_ROOT_CLASS = YES_ERROR;
				CLANG_WARN_QUOTED_INCLUDE_IN_FRAMEWORK_HEADER = YES;
				CLANG_WARN_RANGE_LOOP_ANALYSIS = YES;
				CLANG_WARN_STRICT_PROTOTYPES = YES;
				CLANG_WARN_SUSPICIOUS_MOVE = YES;
				CLANG_WARN_UNGUARDED_AVAILABILITY = YES_AGGRESSIVE;
				CLANG_WARN_UNREACHABLE_CODE = YES;
				CLANG_WARN__DUPLICATE_METHOD_MATCH = YES;
				COPY_PHASE_STRIP = NO;
				DEBUG_INFORMATION_FORMAT = dwarf;
				ENABLE_STRICT_OBJC_MSGSEND = YES;
				ENABLE_TESTABILITY = YES;
				GCC_C_LANGUAGE_STANDARD = gnu11;
				GCC_DYNAMIC_NO_PIC = NO;
				GCC_NO_COMMON_BLOCKS = YES;
				GCC_OPTIMIZATION_LEVEL = 0;
				GCC_PREPROCESSOR_DEFINITIONS = (
					"DEBUG=1",
					"$(inherited)",
				);
				GCC_WARN_64_TO_32_BIT_CONVERSION = YES;
				GCC_WARN_ABOUT_RETURN_TYPE = YES_ERROR;
				GCC_WARN_UNDECLARED_SELECTOR = YES;
				GCC_WARN_UNINITIALIZED_AUTOS = YES_AGGRESSIVE;
				GCC_WARN_UNUSED_FUNCTION = YES;
				GCC_WARN_UNUSED_VARIABLE = YES;
				IPHONEOS_DEPLOYMENT_TARGET = 16.1;
				MTL_ENABLE_DEBUG_INFO = INCLUDE_SOURCE;
				MTL_FAST_MATH = YES;
				ONLY_ACTIVE_ARCH = YES;
				SDKROOT = iphoneos;
				SWIFT_ACTIVE_COMPILATION_CONDITIONS = DEBUG;
				SWIFT_OPTIMIZATION_LEVEL = "-Onone";
			};
			name = Debug;
		};
		A1CC079B292649B000DEC91B /* Release */ = {
			isa = XCBuildConfiguration;
			buildSettings = {
				ALWAYS_SEARCH_USER_PATHS = NO;
				CLANG_ANALYZER_NONNULL = YES;
				CLANG_ANALYZER_NUMBER_OBJECT_CONVERSION = YES_AGGRESSIVE;
				CLANG_CXX_LANGUAGE_STANDARD = "gnu++20";
				CLANG_ENABLE_MODULES = YES;
				CLANG_ENABLE_OBJC_ARC = YES;
				CLANG_ENABLE_OBJC_WEAK = YES;
				CLANG_WARN_BLOCK_CAPTURE_AUTORELEASING = YES;
				CLANG_WARN_BOOL_CONVERSION = YES;
				CLANG_WARN_COMMA = YES;
				CLANG_WARN_CONSTANT_CONVERSION = YES;
				CLANG_WARN_DEPRECATED_OBJC_IMPLEMENTATIONS = YES;
				CLANG_WARN_DIRECT_OBJC_ISA_USAGE = YES_ERROR;
				CLANG_WARN_DOCUMENTATION_COMMENTS = YES;
				CLANG_WARN_EMPTY_BODY = YES;
				CLANG_WARN_ENUM_CONVERSION = YES;
				CLANG_WARN_INFINITE_RECURSION = YES;
				CLANG_WARN_INT_CONVERSION = YES;
				CLANG_WARN_NON_LITERAL_NULL_CONVERSION = YES;
				CLANG_WARN_OBJC_IMPLICIT_RETAIN_SELF = YES;
				CLANG_WARN_OBJC_LITERAL_CONVERSION = YES;
				CLANG_WARN_OBJC_ROOT_CLASS = YES_ERROR;
				CLANG_WARN_QUOTED_INCLUDE_IN_FRAMEWORK_HEADER = YES;
				CLANG_WARN_RANGE_LOOP_ANALYSIS = YES;
				CLANG_WARN_STRICT_PROTOTYPES = YES;
				CLANG_WARN_SUSPICIOUS_MOVE = YES;
				CLANG_WARN_UNGUARDED_AVAILABILITY = YES_AGGRESSIVE;
				CLANG_WARN_UNREACHABLE_CODE = YES;
				CLANG_WARN__DUPLICATE_METHOD_MATCH = YES;
				COPY_PHASE_STRIP = NO;
				DEBUG_INFORMATION_FORMAT = "dwarf-with-dsym";
				ENABLE_NS_ASSERTIONS = NO;
				ENABLE_STRICT_OBJC_MSGSEND = YES;
				GCC_C_LANGUAGE_STANDARD = gnu11;
				GCC_NO_COMMON_BLOCKS = YES;
				GCC_WARN_64_TO_32_BIT_CONVERSION = YES;
				GCC_WARN_ABOUT_RETURN_TYPE = YES_ERROR;
				GCC_WARN_UNDECLARED_SELECTOR = YES;
				GCC_WARN_UNINITIALIZED_AUTOS = YES_AGGRESSIVE;
				GCC_WARN_UNUSED_FUNCTION = YES;
				GCC_WARN_UNUSED_VARIABLE = YES;
				IPHONEOS_DEPLOYMENT_TARGET = 16.1;
				MTL_ENABLE_DEBUG_INFO = NO;
				MTL_FAST_MATH = YES;
				SDKROOT = iphoneos;
				SWIFT_COMPILATION_MODE = wholemodule;
				SWIFT_OPTIMIZATION_LEVEL = "-O";
				VALIDATE_PRODUCT = YES;
			};
			name = Release;
		};
		A1CC079D292649B000DEC91B /* Debug */ = {
			isa = XCBuildConfiguration;
			buildSettings = {
				ASSETCATALOG_COMPILER_APPICON_NAME = AppIcon;
				ASSETCATALOG_COMPILER_GLOBAL_ACCENT_COLOR_NAME = AccentColor;
				CODE_SIGN_STYLE = Automatic;
				CURRENT_PROJECT_VERSION = 1;
				DEVELOPMENT_ASSET_PATHS = "\"Redesigned_Instagram/Preview Content\"";
				DEVELOPMENT_TEAM = LPVYFJX62D;
				ENABLE_PREVIEWS = YES;
				GENERATE_INFOPLIST_FILE = YES;
				INFOPLIST_KEY_UIApplicationSceneManifest_Generation = YES;
				INFOPLIST_KEY_UIApplicationSupportsIndirectInputEvents = YES;
				INFOPLIST_KEY_UILaunchScreen_Generation = YES;
				INFOPLIST_KEY_UISupportedInterfaceOrientations_iPad = "UIInterfaceOrientationPortrait UIInterfaceOrientationPortraitUpsideDown UIInterfaceOrientationLandscapeLeft UIInterfaceOrientationLandscapeRight";
				INFOPLIST_KEY_UISupportedInterfaceOrientations_iPhone = "UIInterfaceOrientationPortrait UIInterfaceOrientationLandscapeLeft UIInterfaceOrientationLandscapeRight";
				LD_RUNPATH_SEARCH_PATHS = (
					"$(inherited)",
					"@executable_path/Frameworks",
				);
				MARKETING_VERSION = 1.0;
				PRODUCT_BUNDLE_IDENTIFIER = "academy.Redesigned-Instagram";
				PRODUCT_NAME = "$(TARGET_NAME)";
				SWIFT_EMIT_LOC_STRINGS = YES;
				SWIFT_VERSION = 5.0;
				TARGETED_DEVICE_FAMILY = "1,2";
			};
			name = Debug;
		};
		A1CC079E292649B000DEC91B /* Release */ = {
			isa = XCBuildConfiguration;
			buildSettings = {
				ASSETCATALOG_COMPILER_APPICON_NAME = AppIcon;
				ASSETCATALOG_COMPILER_GLOBAL_ACCENT_COLOR_NAME = AccentColor;
				CODE_SIGN_STYLE = Automatic;
				CURRENT_PROJECT_VERSION = 1;
				DEVELOPMENT_ASSET_PATHS = "\"Redesigned_Instagram/Preview Content\"";
				DEVELOPMENT_TEAM = LPVYFJX62D;
				ENABLE_PREVIEWS = YES;
				GENERATE_INFOPLIST_FILE = YES;
				INFOPLIST_KEY_UIApplicationSceneManifest_Generation = YES;
				INFOPLIST_KEY_UIApplicationSupportsIndirectInputEvents = YES;
				INFOPLIST_KEY_UILaunchScreen_Generation = YES;
				INFOPLIST_KEY_UISupportedInterfaceOrientations_iPad = "UIInterfaceOrientationPortrait UIInterfaceOrientationPortraitUpsideDown UIInterfaceOrientationLandscapeLeft UIInterfaceOrientationLandscapeRight";
				INFOPLIST_KEY_UISupportedInterfaceOrientations_iPhone = "UIInterfaceOrientationPortrait UIInterfaceOrientationLandscapeLeft UIInterfaceOrientationLandscapeRight";
				LD_RUNPATH_SEARCH_PATHS = (
					"$(inherited)",
					"@executable_path/Frameworks",
				);
				MARKETING_VERSION = 1.0;
				PRODUCT_BUNDLE_IDENTIFIER = "academy.Redesigned-Instagram";
				PRODUCT_NAME = "$(TARGET_NAME)";
				SWIFT_EMIT_LOC_STRINGS = YES;
				SWIFT_VERSION = 5.0;
				TARGETED_DEVICE_FAMILY = "1,2";
			};
			name = Release;
		};
		A1CC07A0292649B000DEC91B /* Debug */ = {
			isa = XCBuildConfiguration;
			buildSettings = {
				ALWAYS_EMBED_SWIFT_STANDARD_LIBRARIES = YES;
				BUNDLE_LOADER = "$(TEST_HOST)";
				CODE_SIGN_STYLE = Automatic;
				CURRENT_PROJECT_VERSION = 1;
				DEVELOPMENT_TEAM = LPVYFJX62D;
				GENERATE_INFOPLIST_FILE = YES;
				IPHONEOS_DEPLOYMENT_TARGET = 16.1;
				MARKETING_VERSION = 1.0;
				PRODUCT_BUNDLE_IDENTIFIER = "academy.Redesigned-InstagramTests";
				PRODUCT_NAME = "$(TARGET_NAME)";
				SWIFT_EMIT_LOC_STRINGS = NO;
				SWIFT_VERSION = 5.0;
				TARGETED_DEVICE_FAMILY = "1,2";
				TEST_HOST = "$(BUILT_PRODUCTS_DIR)/Redesigned_Instagram.app/$(BUNDLE_EXECUTABLE_FOLDER_PATH)/Redesigned_Instagram";
			};
			name = Debug;
		};
		A1CC07A1292649B000DEC91B /* Release */ = {
			isa = XCBuildConfiguration;
			buildSettings = {
				ALWAYS_EMBED_SWIFT_STANDARD_LIBRARIES = YES;
				BUNDLE_LOADER = "$(TEST_HOST)";
				CODE_SIGN_STYLE = Automatic;
				CURRENT_PROJECT_VERSION = 1;
				DEVELOPMENT_TEAM = LPVYFJX62D;
				GENERATE_INFOPLIST_FILE = YES;
				IPHONEOS_DEPLOYMENT_TARGET = 16.1;
				MARKETING_VERSION = 1.0;
				PRODUCT_BUNDLE_IDENTIFIER = "academy.Redesigned-InstagramTests";
				PRODUCT_NAME = "$(TARGET_NAME)";
				SWIFT_EMIT_LOC_STRINGS = NO;
				SWIFT_VERSION = 5.0;
				TARGETED_DEVICE_FAMILY = "1,2";
				TEST_HOST = "$(BUILT_PRODUCTS_DIR)/Redesigned_Instagram.app/$(BUNDLE_EXECUTABLE_FOLDER_PATH)/Redesigned_Instagram";
			};
			name = Release;
		};
		A1CC07A3292649B000DEC91B /* Debug */ = {
			isa = XCBuildConfiguration;
			buildSettings = {
				ALWAYS_EMBED_SWIFT_STANDARD_LIBRARIES = YES;
				CODE_SIGN_STYLE = Automatic;
				CURRENT_PROJECT_VERSION = 1;
				DEVELOPMENT_TEAM = LPVYFJX62D;
				GENERATE_INFOPLIST_FILE = YES;
				MARKETING_VERSION = 1.0;
				PRODUCT_BUNDLE_IDENTIFIER = "academy.Redesigned-InstagramUITests";
				PRODUCT_NAME = "$(TARGET_NAME)";
				SWIFT_EMIT_LOC_STRINGS = NO;
				SWIFT_VERSION = 5.0;
				TARGETED_DEVICE_FAMILY = "1,2";
				TEST_TARGET_NAME = Redesigned_Instagram;
			};
			name = Debug;
		};
		A1CC07A4292649B000DEC91B /* Release */ = {
			isa = XCBuildConfiguration;
			buildSettings = {
				ALWAYS_EMBED_SWIFT_STANDARD_LIBRARIES = YES;
				CODE_SIGN_STYLE = Automatic;
				CURRENT_PROJECT_VERSION = 1;
				DEVELOPMENT_TEAM = LPVYFJX62D;
				GENERATE_INFOPLIST_FILE = YES;
				MARKETING_VERSION = 1.0;
				PRODUCT_BUNDLE_IDENTIFIER = "academy.Redesigned-InstagramUITests";
				PRODUCT_NAME = "$(TARGET_NAME)";
				SWIFT_EMIT_LOC_STRINGS = NO;
				SWIFT_VERSION = 5.0;
				TARGETED_DEVICE_FAMILY = "1,2";
				TEST_TARGET_NAME = Redesigned_Instagram;
			};
			name = Release;
		};
/* End XCBuildConfiguration section */

/* Begin XCConfigurationList section */
		A1CC0773292649AE00DEC91B /* Build configuration list for PBXProject "Redesigned_Instagram" */ = {
			isa = XCConfigurationList;
			buildConfigurations = (
				A1CC079A292649B000DEC91B /* Debug */,
				A1CC079B292649B000DEC91B /* Release */,
			);
			defaultConfigurationIsVisible = 0;
			defaultConfigurationName = Release;
		};
		A1CC079C292649B000DEC91B /* Build configuration list for PBXNativeTarget "Redesigned_Instagram" */ = {
			isa = XCConfigurationList;
			buildConfigurations = (
				A1CC079D292649B000DEC91B /* Debug */,
				A1CC079E292649B000DEC91B /* Release */,
			);
			defaultConfigurationIsVisible = 0;
			defaultConfigurationName = Release;
		};
		A1CC079F292649B000DEC91B /* Build configuration list for PBXNativeTarget "Redesigned_InstagramTests" */ = {
			isa = XCConfigurationList;
			buildConfigurations = (
				A1CC07A0292649B000DEC91B /* Debug */,
				A1CC07A1292649B000DEC91B /* Release */,
			);
			defaultConfigurationIsVisible = 0;
			defaultConfigurationName = Release;
		};
		A1CC07A2292649B000DEC91B /* Build configuration list for PBXNativeTarget "Redesigned_InstagramUITests" */ = {
			isa = XCConfigurationList;
			buildConfigurations = (
				A1CC07A3292649B000DEC91B /* Debug */,
				A1CC07A4292649B000DEC91B /* Release */,
			);
			defaultConfigurationIsVisible = 0;
			defaultConfigurationName = Release;
		};
/* End XCConfigurationList section */
	};
	rootObject = A1CC0770292649AE00DEC91B /* Project object */;
}
